
Microsoft Visual Studio Solution File, Format Version 12.00
# Visual Studio 15
VisualStudioVersion = 15.0.26730.12
MinimumVisualStudioVersion = 10.0.40219.1
Project("{FAE04EC0-301F-11D3-BF4B-00C04F79EFBC}") = "P00SquareNumbers", "P00SquareNumbers\P00SquareNumbers.csproj", "{3442C777-4FCC-4E46-A9F3-85C4C34D217B}"
EndProject
Project("{FAE04EC0-301F-11D3-BF4B-00C04F79EFBC}") = "P00SortNumbers", "P00SortNumbers\P00SortNumbers.csproj", "{F1101202-7411-4BA7-932E-418B520C51D0}"
EndProject
Project("{FAE04EC0-301F-11D3-BF4B-00C04F79EFBC}") = "P01RemoveNegativesAndReverse", "P01RemoveNegativesAndReverse\P01RemoveNegativesAndReverse.csproj", "{603BDB5A-D65A-4EC3-A61E-B5386919B6BC}"
EndProject
Project("{FAE04EC0-301F-11D3-BF4B-00C04F79EFBC}") = "P02AppendLists", "P02AppendLists\P02AppendLists.csproj", "{9DC7808D-28FF-4543-BCC2-CF7D1297CD29}"
EndProject
Global
	GlobalSection(SolutionConfigurationPlatforms) = preSolution
		Debug|Any CPU = Debug|Any CPU
		Release|Any CPU = Release|Any CPU
	EndGlobalSection
	GlobalSection(ProjectConfigurationPlatforms) = postSolution
		{3442C777-4FCC-4E46-A9F3-85C4C34D217B}.Debug|Any CPU.ActiveCfg = Debug|Any CPU
		{3442C777-4FCC-4E46-A9F3-85C4C34D217B}.Debug|Any CPU.Build.0 = Debug|Any CPU
		{3442C777-4FCC-4E46-A9F3-85C4C34D217B}.Release|Any CPU.ActiveCfg = Release|Any CPU
		{3442C777-4FCC-4E46-A9F3-85C4C34D217B}.Release|Any CPU.Build.0 = Release|Any CPU
		{F1101202-7411-4BA7-932E-418B520C51D0}.Debug|Any CPU.ActiveCfg = Debug|Any CPU
		{F1101202-7411-4BA7-932E-418B520C51D0}.Debug|Any CPU.Build.0 = Debug|Any CPU
		{F1101202-7411-4BA7-932E-418B520C51D0}.Release|Any CPU.ActiveCfg = Release|Any CPU
		{F1101202-7411-4BA7-932E-418B520C51D0}.Release|Any CPU.Build.0 = Release|Any CPU
		{603BDB5A-D65A-4EC3-A61E-B5386919B6BC}.Debug|Any CPU.ActiveCfg = Debug|Any CPU
		{603BDB5A-D65A-4EC3-A61E-B5386919B6BC}.Debug|Any CPU.Build.0 = Debug|Any CPU
		{603BDB5A-D65A-4EC3-A61E-B5386919B6BC}.Release|Any CPU.ActiveCfg = Release|Any CPU
		{603BDB5A-D65A-4EC3-A61E-B5386919B6BC}.Release|Any CPU.Build.0 = Release|Any CPU
		{9DC7808D-28FF-4543-BCC2-CF7D1297CD29}.Debug|Any CPU.ActiveCfg = Debug|Any CPU
		{9DC7808D-28FF-4543-BCC2-CF7D1297CD29}.Debug|Any CPU.Build.0 = Debug|Any CPU
		{9DC7808D-28FF-4543-BCC2-CF7D1297CD29}.Release|Any CPU.ActiveCfg = Release|Any CPU
		{9DC7808D-28FF-4543-BCC2-CF7D1297CD29}.Release|Any CPU.Build.0 = Release|Any CPU
	EndGlobalSection
	GlobalSection(SolutionProperties) = preSolution
		HideSolutionNode = FALSE
	EndGlobalSection
	GlobalSection(ExtensibilityGlobals) = postSolution
		SolutionGuid = {171E01BC-F122-47F3-ACA9-9A9818487AF8}
	EndGlobalSection
EndGlobal
